{
  "nodes": {
    "easy-purescript-nix": {
      "flake": false,
      "locked": {
        "lastModified": 1646209831,
        "narHash": "sha256-or8Z6aMWdrqcmFA0hhjjb6FIiW14C0ruwXAqy+zYZ8g=",
        "owner": "justinwoo",
        "repo": "easy-purescript-nix",
        "rev": "aa72388ca0fb72ed64467f59a121db1f104897db",
        "type": "github"
      },
      "original": {
        "owner": "justinwoo",
        "repo": "easy-purescript-nix",
        "rev": "aa72388ca0fb72ed64467f59a121db1f104897db",
        "type": "github"
      }
    },
    "nixpkgs": {
      "locked": {
        "lastModified": 1651726670,
        "narHash": "sha256-dSGdzB49SEvdOJvrQWfQYkAefewXraHIV08Vz6iDXWQ=",
        "owner": "NixOS",
        "repo": "nixpkgs",
        "rev": "c777cdf5c564015d5f63b09cc93bef4178b19b01",
        "type": "github"
      },
      "original": {
        "owner": "NixOS",
        "ref": "nixos-unstable",
        "repo": "nixpkgs",
        "type": "github"
      }
    },
    "root": {
      "inputs": {
        "easy-purescript-nix": "easy-purescript-nix",
        "nixpkgs": "nixpkgs"
      }
    }
  },
  "root": "root",
  "version": 7
}
